
Microsoft Visual Studio Solution File, Format Version 12.00
# Visual Studio 15
VisualStudioVersion = 15.0.27703.2047
MinimumVisualStudioVersion = 10.0.40219.1
Project("{FAE04EC0-301F-11D3-BF4B-00C04F79EFBC}") = "Techno", "Techno\Techno.csproj", "{C8CCA7D7-57C3-41C8-90E5-B07F8AC57B7A}"
EndProject
Global
	GlobalSection(SolutionConfigurationPlatforms) = preSolution
		Debug|Any CPU = Debug|Any CPU
		Release|Any CPU = Release|Any CPU
	EndGlobalSection
	GlobalSection(ProjectConfigurationPlatforms) = postSolution
		{C8CCA7D7-57C3-41C8-90E5-B07F8AC57B7A}.Debug|Any CPU.ActiveCfg = Debug|Any CPU
		{C8CCA7D7-57C3-41C8-90E5-B07F8AC57B7A}.Debug|Any CPU.Build.0 = Debug|Any CPU
		{C8CCA7D7-57C3-41C8-90E5-B07F8AC57B7A}.Release|Any CPU.ActiveCfg = Release|Any CPU
		{C8CCA7D7-57C3-41C8-90E5-B07F8AC57B7A}.Release|Any CPU.Build.0 = Release|Any CPU
	EndGlobalSection
	GlobalSection(SolutionProperties) = preSolution
		HideSolutionNode = FALSE
	EndGlobalSection
	GlobalSection(ExtensibilityGlobals) = postSolution
		SolutionGuid = {A631533D-6FA9-4A76-8535-EDC28A85CFF5}
	EndGlobalSection
EndGlobal
